{
  "name": "superpowers-game-togi-bmfont-plugin",
  "version": "0.9.1",
  "lockfileVersion": 2,
  "requires": true,
  "packages": {
    "": {
      "name": "superpowers-game-togi-bmfont-plugin",
      "version": "0.9.1",
      "license": "MIT",
      "dependencies": {
        "parse-bmfont-binary": "^1.0.6"
      }
    },
    "node_modules/parse-bmfont-binary": {
      "version": "1.0.6",
      "resolved": "https://registry.npmjs.org/parse-bmfont-binary/-/parse-bmfont-binary-1.0.6.tgz",
      "integrity": "sha1-0Di0dtPp3Z2x4RoLDlOiJ5K2kAY="
    }
  },
  "dependencies": {
    "parse-bmfont-binary": {
      "version": "1.0.6",
      "resolved": "https://registry.npmjs.org/parse-bmfont-binary/-/parse-bmfont-binary-1.0.6.tgz",
      "integrity": "sha1-0Di0dtPp3Z2x4RoLDlOiJ5K2kAY="
    }
  }
}
